filippo.io/edwards25519 v1.1.0 h1:FNf4tywRC1HmFuKW5xopWpigGjJKiJSV0Cqo0cJWDaA=
filippo.io/edwards25519 v1.1.0/go.mod h1:BxyFTGdWcka3PhytdK4V28tE5sGfRvvvRV7EaN4VDT4=
filippo.io/nistec v0.0.3 h1:h336Je2jRDZdBCLy2fLDUd9E2unG32JLwcJi0JQE9Cw=
filippo.io/nistec v0.0.3/go.mod h1:84fxC9mi+MhC2AERXI4LSa8cmSVOzrFikg6hZ4IfCyw=
github.com/bytemare/ecc v0.8.2 h1:MN+Ah48hApFpzJgIMa1xOrK7/R5uwCV06dtJyuHAi3Y=
github.com/bytemare/ecc v0.8.2/go.mod h1:dvkSikSCejw8YaTdJs6lZSN4qz9B4PC5PtGq+CRDmHk=
github.com/bytemare/frost v0.0.0-20241019112700-8c6db5b04145 h1:l9EW+NGLeOrDSl7UA6OHJFLVRnFWbMM6bGMLfOrAGKA=
github.com/bytemare/frost v0.0.0-20241019112700-8c6db5b04145/go.mod h1:WDSt6nC6QyLLrb181aQF2Niuqtxb4+MpCa9TylmmfLQ=
github.com/bytemare/hash v0.3.0 h1:RqFMt3mqpF7UxLdjBrsOZm/2cz0cQiAOnYc9gDLopWE=
github.com/bytemare/hash v0.3.0/go.mod h1:YKOBchL0l8hRLFinVCL8YUKokGNIMhrWEHPHo3EV7/M=
github.com/bytemare/hash2curve v0.3.0 h1:41Npcbc+u/E252A5aCMtxDcz7JPkkX1QzShneTFm4eg=
github.com/bytemare/hash2curve v0.3.0/go.mod h1:itj45U8uqvCtWC0eCswIHVHswXcEHkpFui7gfJdPSfQ=
github.com/bytemare/secp256k1 v0.1.6 h1:5pOA84UBBTPTUmCkjtH6jHrbvZSh2kyxG0mW/OjSih0=
github.com/bytemare/secp256k1 v0.1.6/go.mod h1:Zr7o3YCog5jKx5JwgYbj984gRIqVioTDZMSDo1y0zgE=
github.com/bytemare/secret-sharing v0.7.0 h1:ayJWEhwQzeChtavB4WrqufRJPnG5u2IePe1MEeJJEgs=
github.com/bytemare/secret-sharing v0.7.0/go.mod h1:Qzrf83Sk36D2NGJpk1/0H6YJx0SnsiOtrS6zaiISL2o=
github.com/golang/protobuf v1.5.4 h1:i7eJL8qZTpSEXOPTxNKhASYpMn+8e5Q6AdndVa1dWek=
github.com/golang/protobuf v1.5.4/go.mod h1:lnTiLA8Wa4RWRcIUkrtSVa5nRhsEGBg48fD6rSs7xps=
github.com/google/go-cmp v0.7.0 h1:wk8382ETsv4JYUZwIsn6YpYiWiBsYLSJiTsyBybVuN8=
github.com/google/go-cmp v0.7.0/go.mod h1:pXiqmnSA92OHEEa9HXL2W4E7lf9JzCmGVUdgjX3N/iU=
github.com/gtank/ristretto255 v0.1.2 h1:JEqUCPA1NvLq5DwYtuzigd7ss8fwbYay9fi4/5uMzcc=
github.com/gtank/ristretto255 v0.1.2/go.mod h1:Ph5OpO6c7xKUGROZfWVLiJf9icMDwUeIvY4OmlYW69o=
golang.org/x/crypto v0.54.0 h1:YLIA59K4fiNzHzjnZt2tUJQjQtUWfWbeHBqKtk3eScw=
golang.org/x/crypto v0.54.0/go.mod h1:KWL8ny2AZdGR2cWmzeHrp2azQPGogOv+HeQaVEXC2dk=
golang.org/x/net v0.57.0 h1:K5+3DljvIuDG9/Jv9rvyMywYNFCQ9RSUY6OOTTkT+tE=
golang.org/x/net v0.57.0/go.mod h1:KpXc8iv+r3XplLAG/f7Jsf9RPszJzdR0f58q9vGOuEU=
golang.org/x/sys v0.47.0 h1:o7XGOvZQCADBQQ4Y7VNq2dRWQR7JmOUW8Kxx4ZsNgWs=
golang.org/x/sys v0.47.0/go.mod h1:4GL1E5IUh+htKOUEOaiffhrAeqysfVGipDYzABqnCmw=
golang.org/x/text v0.40.0 h1:Ub2Z6/xjgF1WrYQz2nuITOEegKFtiIy+rieRJ5lHZKs=
golang.org/x/text v0.40.0/go.mod h1:hpnzDAfGV753zIKo+wk3u1bVKCGPbrnF7+7LBF/UHVY=
gonum.org/v1/gonum v0.17.0 h1:VbpOemQlsSMrYmn7T2OUvQ4dqxQXU+ouZFQsZOx50z4=
gonum.org/v1/gonum v0.17.0/go.mod h1:El3tOrEuMpv2UdMrbNlKEh9vd86bmQ6vqIcDwxEOc1E=
google.golang.org/genproto/googleapis/rpc v0.0.0-20260706201446-f0a921348800 h1:qEHAMpSaUhtD0p3NbEEI83HwNGFxEwaSJ1G9PLnCBZE=
google.golang.org/genproto/googleapis/rpc v0.0.0-20260706201446-f0a921348800/go.mod h1:4Hqkh8ycfw05ld/3BWL7rJOSfebL2Q+DVDeRgYgxUU8=
google.golang.org/grpc v1.84.0 h1:soMyaPJ8pAak5PIQ0DGBUir0XRo2fRoMqhNWMLlLxO0=
google.golang.org/grpc v1.84.0/go.mod h1:ljCht0DrxQrXBDRTZp52Qxh3Ffk8CdYm2sj4O2QN2C0=
google.golang.org/protobuf v1.36.11 h1:fV6ZwhNocDyBLK0dj+fg8ektcVegBBuEolpbTQyBNVE=
google.golang.org/protobuf v1.36.11/go.mod h1:HTf+CrKn2C3g5S8VImy6tdcUvCska2kB7j23XfzDpco=
